version = 1
revision = 2
requires-python = ">=3.12"

[[package]]
name = "lunaris"
version = "0.1.0"
source = { virtual = "." }
dependencies = [
    { name = "lupa" },
    { name = "protobuf" },
]

[package.metadata]
requires-dist = [
    { name = "lupa", specifier = ">=2.5" },
    { name = "protobuf", specifier = ">=6.31.1" },
]

[[package]]
name = "lupa"
version = "2.5"
source = { registry = "https://pypi.tuna.tsinghua.edu.cn/simple" }
sdist = { url = "https://pypi.tuna.tsinghua.edu.cn/packages/d5/51/4e20b597795b58f840289042d87d65f0e33cdc73653a4c1c7026346e1725/lupa-2.5.tar.gz", hash = "sha256:69c6a89f2b7b08a3040d7ed2a1eeccba37a31ddc92fa199339c53a2ae3c48c34", size = 7235982, upload-time = "2025-06-15T15:31:51.745Z" }
wheels = [
    { url = "https://pypi.tuna.tsinghua.edu.cn/packages/a5/44/db0fa42b126ea416efd9ea031b5490c37d3ce1575c7253f5b91d47faede4/lupa-2.5-cp312-cp312-macosx_11_0_arm64.whl", hash = "sha256:85635865409320efa9e6b95f64176317a2409a3f4e261e032094c48f783eb5f5", size = 901972, upload-time = "2025-06-15T15:29:52.908Z" },
    { url = "https://pypi.tuna.tsinghua.edu.cn/packages/81/96/2ff21f67532c3a2b4e15e6c108a589af26a111d9f58bee192b5cead3ad22/lupa-2.5-cp312-cp312-macosx_11_0_universal2.whl", hash = "sha256:ec223da758c920f2e2b20e934a7761e233ad24121e6bba4708b7d3aafff9a513", size = 1851779, upload-time = "2025-06-15T15:29:55.105Z" },
    { url = "https://pypi.tuna.tsinghua.edu.cn/packages/7e/da/815b6d7986d07f4ea1d992a31ba6bba8732dd5c1142311f24933aacc685b/lupa-2.5-cp312-cp312-macosx_11_0_x86_64.whl", hash = "sha256:7b3e258528a89f973a5e4a1b7d268a84bb1ae6e39912cfe5373c5a81ac8b82b6", size = 970599, upload-time = "2025-06-15T15:29:57.312Z" },
    { url = "https://pypi.tuna.tsinghua.edu.cn/packages/75/ed/a62788e22fc2896f68bc3df9939ba505d94096acf337336aee8ce0fea3f4/lupa-2.5-cp312-cp312-manylinux2010_i686.manylinux2014_i686.manylinux_2_12_i686.manylinux_2_17_i686.whl", hash = "sha256:07d91df9994c8a17e16d9923684ea810dfc2ecd290503e100a1525ed3aa48bc8", size = 1127171, upload-time = "2025-06-15T15:29:59.673Z" },
    { url = "https://pypi.tuna.tsinghua.edu.cn/packages/a5/57/c88b8c99c552d025a28484cd91e3bd8e2132af64f62f543b98b3107fe35b/lupa-2.5-cp312-cp312-manylinux2014_aarch64.manylinux_2_17_aarch64.manylinux_2_28_aarch64.whl", hash = "sha256:1d969ee4eed04788e7a5fa24613dcbc2fff6ef4e978a8ced4746f752092d70a9", size = 1041794, upload-time = "2025-06-15T15:30:01.944Z" },
    { url = "https://pypi.tuna.tsinghua.edu.cn/packages/e6/6b/338c68c7df3b5ee03f79da32dc33bdd75c25ccc57e9204d31bd62515b271/lupa-2.5-cp312-cp312-manylinux2014_x86_64.manylinux_2_17_x86_64.manylinux_2_28_x86_64.whl", hash = "sha256:2478053c6d30b6c46a969a5ffb02181f35a5b299fc5481e99ba5ae63f0f0a63f", size = 2078068, upload-time = "2025-06-15T15:30:04.414Z" },
    { url = "https://pypi.tuna.tsinghua.edu.cn/packages/53/35/2455e8fa0ad4f5a65003eb7e1efbdeada5c16ac13ce8fb31d95a2c1f4f1e/lupa-2.5-cp312-cp312-musllinux_1_2_aarch64.whl", hash = "sha256:e8bfdc69ebbc12271d9dfdb821bf6d5943887f8ec48acc4b19516c0a21bf98cf", size = 1060907, upload-time = "2025-06-15T15:30:06.65Z" },
    { url = "https://pypi.tuna.tsinghua.edu.cn/packages/5c/44/38970fd1ff2069e3f3b87fa4817d5ce99272c3be49d31ca089603250cd79/lupa-2.5-cp312-cp312-musllinux_1_2_i686.whl", hash = "sha256:953aa2bb0649ed08df911a001d845626d72b31e108da38701ed1116c22b3768f", size = 1175819, upload-time = "2025-06-15T15:30:08.784Z" },
    { url = "https://pypi.tuna.tsinghua.edu.cn/packages/2e/0e/2cd499ac942aed285fc5be3ec7e2372a314cb83e7d17b596a9f855db98f2/lupa-2.5-cp312-cp312-musllinux_1_2_x86_64.whl", hash = "sha256:b4ed0d6dfb7246bc5c85f998c3507b0bd1b16553924eaf0834c4d896a60ee0cd", size = 2170558, upload-time = "2025-06-15T15:30:11.242Z" },
    { url = "https://pypi.tuna.tsinghua.edu.cn/packages/7e/19/cb4d6bb92cf10a0f3824883a1382128198d7fd92b61665b9833af8d59fab/lupa-2.5-cp312-cp312-win32.whl", hash = "sha256:56e7e29980635a34422b9bc074015c3fc0a1ed354df6866ed27092b385b06839", size = 1423324, upload-time = "2025-06-15T15:30:13.485Z" },
    { url = "https://pypi.tuna.tsinghua.edu.cn/packages/89/d7/98c42bf67692ce59fb8e5b32d6479042a8b4fd031579ea2969aeddf30621/lupa-2.5-cp312-cp312-win_amd64.whl", hash = "sha256:e51b0d1dee87a95f54b35f376a6eaa1143147ce3c5d89ba027772fb327555db6", size = 1698790, upload-time = "2025-06-15T15:30:15.885Z" },
    { url = "https://pypi.tuna.tsinghua.edu.cn/packages/62/82/e535e181d751cbd0cc8465c0c3f8f162d8cd69ba075c9916912b6a7c5830/lupa-2.5-cp313-cp313-macosx_11_0_arm64.whl", hash = "sha256:61f09dbb8af779d78f90d71811798710a29b455c6948ea51365eefc0ab142a0d", size = 897899, upload-time = "2025-06-15T15:30:17.572Z" },
    { url = "https://pypi.tuna.tsinghua.edu.cn/packages/17/9f/2b16dfd4bea0effa256e51b446a543c1d95b059bd7217a671c8b3c0adec5/lupa-2.5-cp313-cp313-macosx_11_0_universal2.whl", hash = "sha256:e372577ac3b54a4d13d43e43de2111ad48b6fabb8f7545f40bcd989e6c13b128", size = 1841869, upload-time = "2025-06-15T15:30:19.635Z" },
    { url = "https://pypi.tuna.tsinghua.edu.cn/packages/19/34/c0219eaf75e60777973a1bc317483f6569b7e662e8c0295cf667dfa39ef1/lupa-2.5-cp313-cp313-macosx_11_0_x86_64.whl", hash = "sha256:671c7c38197a2d11040bb0e05593063ee62b29a67c982dda688bb2ef30b81670", size = 965235, upload-time = "2025-06-15T15:30:21.93Z" },
    { url = "https://pypi.tuna.tsinghua.edu.cn/packages/fe/a7/54df82f921088ba125a48d1cb74778200013ec3814f5d45a63e92832405c/lupa-2.5-cp313-cp313-manylinux2010_i686.manylinux2014_i686.manylinux_2_12_i686.manylinux_2_17_i686.whl", hash = "sha256:5cfbbec4cb74ad70b5d1747de1537095e21cb57ca70d2a6186738322d82cf917", size = 1120634, upload-time = "2025-06-15T15:30:24.454Z" },
    { url = "https://pypi.tuna.tsinghua.edu.cn/packages/94/72/31e52086abcc34e1787ecbf7b913c039551dd42f8fa9610ae0f64bc36fb0/lupa-2.5-cp313-cp313-manylinux2014_aarch64.manylinux_2_17_aarch64.manylinux_2_28_aarch64.whl", hash = "sha256:867430dde43c8cf463cd72d03b07a9158f2bee79bbdae08b0fb1e6e32982853e", size = 1037562, upload-time = "2025-06-15T15:30:26.535Z" },
    { url = "https://pypi.tuna.tsinghua.edu.cn/packages/7f/31/96305ed6e702f9b22859c4422aa258d33f005546b8198b954bcb6c2294c9/lupa-2.5-cp313-cp313-manylinux2014_x86_64.manylinux_2_17_x86_64.manylinux_2_28_x86_64.whl", hash = "sha256:4326c120ae18de3fed09ea37be792a568a8433c7f3e01e0c7e32f883d98fc5a5", size = 2072701, upload-time = "2025-06-15T15:30:28.925Z" },
    { url = "https://pypi.tuna.tsinghua.edu.cn/packages/37/9b/6440cde2f09b83c42ed3c6f121d0b8b9cf39f539960226600c8f72e2556f/lupa-2.5-cp313-cp313-musllinux_1_2_aarch64.whl", hash = "sha256:78308d2ea41e2fae47659fe671725d5346d61d9d894d22b36e427f259b5a0cf1", size = 1057425, upload-time = "2025-06-15T15:30:30.988Z" },
    { url = "https://pypi.tuna.tsinghua.edu.cn/packages/37/f4/9f5fb25df939408bac4b088c1ca42c96fb1606ac40aa1c6c28cc9f43e585/lupa-2.5-cp313-cp313-musllinux_1_2_i686.whl", hash = "sha256:5a9c12e74faaea60ae50a6d2670eb7e7cfc0b036045912bb37a15753a702fc28", size = 1172440, upload-time = "2025-06-15T15:30:33.147Z" },
    { url = "https://pypi.tuna.tsinghua.edu.cn/packages/d3/3a/adebc756f088416c276359978a982a00b755aa3f23def7f7f6ec1d023105/lupa-2.5-cp313-cp313-musllinux_1_2_x86_64.whl", hash = "sha256:2a848ed378fbfcf735780116265bd2e68600691efefb4f7ff326a4ac089189d5", size = 2166142, upload-time = "2025-06-15T15:30:35.232Z" },
    { url = "https://pypi.tuna.tsinghua.edu.cn/packages/6c/8a/fedac88be2af4bdf7e981d9eecfb2defe612004a22fb745978f68d9ddbee/lupa-2.5-cp313-cp313-win32.whl", hash = "sha256:1ea65fb8046bf2c7cf39dfb3677ce5e25d5ea1330e7f9bce9b274fcdf55db29b", size = 1422328, upload-time = "2025-06-15T15:30:37.057Z" },
    { url = "https://pypi.tuna.tsinghua.edu.cn/packages/5d/38/9572b19463ee5aebcb4a503dee7d9f908179ee1b80e6dfc21300b156ee04/lupa-2.5-cp313-cp313-win_amd64.whl", hash = "sha256:e8d52999947d3d09c1dd2cf572cfb90a0ced3185f702e75f4b1a3ba4276b3c97", size = 1694135, upload-time = "2025-06-15T15:30:38.944Z" },
]

[[package]]
name = "protobuf"
version = "6.31.1"
source = { registry = "https://pypi.tuna.tsinghua.edu.cn/simple" }
sdist = { url = "https://pypi.tuna.tsinghua.edu.cn/packages/52/f3/b9655a711b32c19720253f6f06326faf90580834e2e83f840472d752bc8b/protobuf-6.31.1.tar.gz", hash = "sha256:d8cac4c982f0b957a4dc73a80e2ea24fab08e679c0de9deb835f4a12d69aca9a", size = 441797, upload-time = "2025-05-28T19:25:54.947Z" }
wheels = [
    { url = "https://pypi.tuna.tsinghua.edu.cn/packages/f3/6f/6ab8e4bf962fd5570d3deaa2d5c38f0a363f57b4501047b5ebeb83ab1125/protobuf-6.31.1-cp310-abi3-win32.whl", hash = "sha256:7fa17d5a29c2e04b7d90e5e32388b8bfd0e7107cd8e616feef7ed3fa6bdab5c9", size = 423603, upload-time = "2025-05-28T19:25:41.198Z" },
    { url = "https://pypi.tuna.tsinghua.edu.cn/packages/44/3a/b15c4347dd4bf3a1b0ee882f384623e2063bb5cf9fa9d57990a4f7df2fb6/protobuf-6.31.1-cp310-abi3-win_amd64.whl", hash = "sha256:426f59d2964864a1a366254fa703b8632dcec0790d8862d30034d8245e1cd447", size = 435283, upload-time = "2025-05-28T19:25:44.275Z" },
    { url = "https://pypi.tuna.tsinghua.edu.cn/packages/6a/c9/b9689a2a250264a84e66c46d8862ba788ee7a641cdca39bccf64f59284b7/protobuf-6.31.1-cp39-abi3-macosx_10_9_universal2.whl", hash = "sha256:6f1227473dc43d44ed644425268eb7c2e488ae245d51c6866d19fe158e207402", size = 425604, upload-time = "2025-05-28T19:25:45.702Z" },
    { url = "https://pypi.tuna.tsinghua.edu.cn/packages/76/a1/7a5a94032c83375e4fe7e7f56e3976ea6ac90c5e85fac8576409e25c39c3/protobuf-6.31.1-cp39-abi3-manylinux2014_aarch64.whl", hash = "sha256:a40fc12b84c154884d7d4c4ebd675d5b3b5283e155f324049ae396b95ddebc39", size = 322115, upload-time = "2025-05-28T19:25:47.128Z" },
    { url = "https://pypi.tuna.tsinghua.edu.cn/packages/fa/b1/b59d405d64d31999244643d88c45c8241c58f17cc887e73bcb90602327f8/protobuf-6.31.1-cp39-abi3-manylinux2014_x86_64.whl", hash = "sha256:4ee898bf66f7a8b0bd21bce523814e6fbd8c6add948045ce958b73af7e8878c6", size = 321070, upload-time = "2025-05-28T19:25:50.036Z" },
    { url = "https://pypi.tuna.tsinghua.edu.cn/packages/f7/af/ab3c51ab7507a7325e98ffe691d9495ee3d3aa5f589afad65ec920d39821/protobuf-6.31.1-py3-none-any.whl", hash = "sha256:720a6c7e6b77288b85063569baae8536671b39f15cc22037ec7045658d80489e", size = 168724, upload-time = "2025-05-28T19:25:53.926Z" },
]
